// !$*UTF8*$!
{
	archiveVersion = 1;
	classes = {
	};
	objectVersion = 50;
	objects = {

/* Begin PBXBuildFile section */
		800795472201A27300FA7BA1 /* TeamTableViewCell.swift in Sources */ = {isa = PBXBuildFile; fileRef = 800795462201A27300FA7BA1 /* TeamTableViewCell.swift */; };
		800795492201B05500FA7BA1 /* TeamsTableViewController.swift in Sources */ = {isa = PBXBuildFile; fileRef = 800795482201B05500FA7BA1 /* TeamsTableViewController.swift */; };
		8007954B22067BBE00FA7BA1 /* DetailTeamTableViewController.swift in Sources */ = {isa = PBXBuildFile; fileRef = 8007954A22067BBE00FA7BA1 /* DetailTeamTableViewController.swift */; };
		800E2A6A22072773002057B0 /* EditTeamTableViewController.swift in Sources */ = {isa = PBXBuildFile; fileRef = 800E2A6922072773002057B0 /* EditTeamTableViewController.swift */; };
		800E2A6C22072785002057B0 /* NewScaleTableViewController.swift in Sources */ = {isa = PBXBuildFile; fileRef = 800E2A6B22072785002057B0 /* NewScaleTableViewController.swift */; };
		801CCE5E21D5BDA500D7DD3B /* GoogleService-Info.plist in Resources */ = {isa = PBXBuildFile; fileRef = 801CCE5D21D5BDA500D7DD3B /* GoogleService-Info.plist */; };
		8029F19E222504B1002C6C3E /* EditScaleTableViewController.swift in Sources */ = {isa = PBXBuildFile; fileRef = 8029F19D222504B0002C6C3E /* EditScaleTableViewController.swift */; };
		8029F1A022261F47002C6C3E /* ScaleStatusTextField.swift in Sources */ = {isa = PBXBuildFile; fileRef = 8029F19F22261F47002C6C3E /* ScaleStatusTextField.swift */; };
		8029F1A22226AF5A002C6C3E /* EditScaleInvitationsDataSource.swift in Sources */ = {isa = PBXBuildFile; fileRef = 8029F1A12226AF5A002C6C3E /* EditScaleInvitationsDataSource.swift */; };
		802CDB1422178BBC0049683A /* ScaleInvitationTableViewCell.swift in Sources */ = {isa = PBXBuildFile; fileRef = 802CDB1322178BBC0049683A /* ScaleInvitationTableViewCell.swift */; };
		802CDB1622178DDA0049683A /* DetailScaleTableViewController.swift in Sources */ = {isa = PBXBuildFile; fileRef = 802CDB1522178DDA0049683A /* DetailScaleTableViewController.swift */; };
		802CDB182217A08B0049683A /* DetailScaleInvitationsDataSource.swift in Sources */ = {isa = PBXBuildFile; fileRef = 802CDB172217A08B0049683A /* DetailScaleInvitationsDataSource.swift */; };
		80414A9921F422CA00D8E5A0 /* GroupVolunteerTableViewCell.swift in Sources */ = {isa = PBXBuildFile; fileRef = 80414A9821F422CA00D8E5A0 /* GroupVolunteerTableViewCell.swift */; };
		80456D1421D83AD8004678DD /* EiaFeedback.swift in Sources */ = {isa = PBXBuildFile; fileRef = 80456D1321D83AD8004678DD /* EiaFeedback.swift */; };
		80456D1621D886C6004678DD /* HomeTabBarController.swift in Sources */ = {isa = PBXBuildFile; fileRef = 80456D1521D886C6004678DD /* HomeTabBarController.swift */; };
		8048452C220D0BD300B01FC6 /* BeginScaleTextField.swift in Sources */ = {isa = PBXBuildFile; fileRef = 8048452B220D0BD300B01FC6 /* BeginScaleTextField.swift */; };
		8048452E220D164C00B01FC6 /* NewScaleVolunteersDataSource.swift in Sources */ = {isa = PBXBuildFile; fileRef = 8048452D220D164C00B01FC6 /* NewScaleVolunteersDataSource.swift */; };
		80484530220D18F400B01FC6 /* EndScaleTextField.swift in Sources */ = {isa = PBXBuildFile; fileRef = 8048452F220D18F400B01FC6 /* EndScaleTextField.swift */; };
		804D7C292241D87B000555FE /* WorkingIndicator.swift in Sources */ = {isa = PBXBuildFile; fileRef = 804D7C282241D87B000555FE /* WorkingIndicator.swift */; };
		8068DB0D2216553600DCCD11 /* EditTeamVolunteersDataSource.swift in Sources */ = {isa = PBXBuildFile; fileRef = 8068DB0C2216553600DCCD11 /* EditTeamVolunteersDataSource.swift */; };
		8068DB0F2216591C00DCCD11 /* EditTeamScalesDataSource.swift in Sources */ = {isa = PBXBuildFile; fileRef = 8068DB0E2216591C00DCCD11 /* EditTeamScalesDataSource.swift */; };
		8068DB1122165E5000DCCD11 /* DetailTeamVolunteersDataSource.swift in Sources */ = {isa = PBXBuildFile; fileRef = 8068DB1022165E5000DCCD11 /* DetailTeamVolunteersDataSource.swift */; };
		808259982231130F0023C053 /* RequestExchangeVolunteersDataSource.swift in Sources */ = {isa = PBXBuildFile; fileRef = 808259972231130F0023C053 /* RequestExchangeVolunteersDataSource.swift */; };
		8082EA0021FCDEFE000B747F /* EditGroupVolunteersDataSource.swift in Sources */ = {isa = PBXBuildFile; fileRef = 8082E9FF21FCDEFE000B747F /* EditGroupVolunteersDataSource.swift */; };
		8082EA0221FD7A3F000B747F /* NewTeamVolunteersDataSource.swift in Sources */ = {isa = PBXBuildFile; fileRef = 8082EA0121FD7A3F000B747F /* NewTeamVolunteersDataSource.swift */; };
		8082EA0421FD8754000B747F /* TeamNameTextField.swift in Sources */ = {isa = PBXBuildFile; fileRef = 8082EA0321FD8754000B747F /* TeamNameTextField.swift */; };
		8082EA0621FD8936000B747F /* NewTeamTableViewController.swift in Sources */ = {isa = PBXBuildFile; fileRef = 8082EA0521FD8936000B747F /* NewTeamTableViewController.swift */; };
		8082EA0821FE09BD000B747F /* DetailGroupTeamsDataSource.swift in Sources */ = {isa = PBXBuildFile; fileRef = 8082EA0721FE09BD000B747F /* DetailGroupTeamsDataSource.swift */; };
		8082EA0A21FE0CAC000B747F /* GroupTeamTableViewCell.swift in Sources */ = {isa = PBXBuildFile; fileRef = 8082EA0921FE0CAC000B747F /* GroupTeamTableViewCell.swift */; };
		8082EA0C21FE1BFA000B747F /* EditGroupTeamsDataSource.swift in Sources */ = {isa = PBXBuildFile; fileRef = 8082EA0B21FE1BFA000B747F /* EditGroupTeamsDataSource.swift */; };
		8087F51D21E12D2A00870B3E /* GroupsTableViewController.swift in Sources */ = {isa = PBXBuildFile; fileRef = 8087F51C21E12D2A00870B3E /* GroupsTableViewController.swift */; };
		8087F51F21E1325C00870B3E /* GroupTableViewCell.swift in Sources */ = {isa = PBXBuildFile; fileRef = 8087F51E21E1325C00870B3E /* GroupTableViewCell.swift */; };
		8087F52121E170CD00870B3E /* Group.swift in Sources */ = {isa = PBXBuildFile; fileRef = 8087F52021E170CD00870B3E /* Group.swift */; };
		8087F52321E1849200870B3E /* Group_Item.swift in Sources */ = {isa = PBXBuildFile; fileRef = 8087F52221E1849200870B3E /* Group_Item.swift */; };
		8087F52521E18C1800870B3E /* Voluntary_Item.swift in Sources */ = {isa = PBXBuildFile; fileRef = 8087F52421E18C1800870B3E /* Voluntary_Item.swift */; };
		8087F52721E1950E00870B3E /* Team.swift in Sources */ = {isa = PBXBuildFile; fileRef = 8087F52621E1950E00870B3E /* Team.swift */; };
		8087F52921E195F500870B3E /* Team_Item.swift in Sources */ = {isa = PBXBuildFile; fileRef = 8087F52821E195F500870B3E /* Team_Item.swift */; };
		8087F52B21E6DA6900870B3E /* NewGroupTableViewController.swift in Sources */ = {isa = PBXBuildFile; fileRef = 8087F52A21E6DA6800870B3E /* NewGroupTableViewController.swift */; };
		8087F52D21E6DFBC00870B3E /* GroupNameTextField.swift in Sources */ = {isa = PBXBuildFile; fileRef = 8087F52C21E6DFBC00870B3E /* GroupNameTextField.swift */; };
		8087F52F21E6E19600870B3E /* GroupDescriptionTextField.swift in Sources */ = {isa = PBXBuildFile; fileRef = 8087F52E21E6E19600870B3E /* GroupDescriptionTextField.swift */; };
		8094D40E2209328A0037F305 /* Scale_Item.swift in Sources */ = {isa = PBXBuildFile; fileRef = 8094D40D2209328A0037F305 /* Scale_Item.swift */; };
		8094D410220932A80037F305 /* Invitation_Item.swift in Sources */ = {isa = PBXBuildFile; fileRef = 8094D40F220932A80037F305 /* Invitation_Item.swift */; };
		8094D412220932CE0037F305 /* Scale.swift in Sources */ = {isa = PBXBuildFile; fileRef = 8094D411220932CE0037F305 /* Scale.swift */; };
		8094D414220933390037F305 /* Invitation.swift in Sources */ = {isa = PBXBuildFile; fileRef = 8094D413220933390037F305 /* Invitation.swift */; };
		80957A6921D3B2A7003D63DA /* Voluntary.swift in Sources */ = {isa = PBXBuildFile; fileRef = 80957A6821D3B2A7003D63DA /* Voluntary.swift */; };
		80957A6B21D50AB6003D63DA /* EiaColors.swift in Sources */ = {isa = PBXBuildFile; fileRef = 80957A6A21D50AB6003D63DA /* EiaColors.swift */; };
		80957A6D21D516E6003D63DA /* EiaError.swift in Sources */ = {isa = PBXBuildFile; fileRef = 80957A6C21D516E6003D63DA /* EiaError.swift */; };
		80957A6F21D51ACB003D63DA /* Localizable.strings in Resources */ = {isa = PBXBuildFile; fileRef = 80957A6E21D51ACB003D63DA /* Localizable.strings */; };
		80957A7121D55909003D63DA /* RePasswordTextField.swift in Sources */ = {isa = PBXBuildFile; fileRef = 80957A7021D55909003D63DA /* RePasswordTextField.swift */; };
		80957A7321D56DA1003D63DA /* EiaFormTableViewController.swift in Sources */ = {isa = PBXBuildFile; fileRef = 80957A7221D56DA1003D63DA /* EiaFormTableViewController.swift */; };
		809F1F5021CF061500A943B7 /* AppDelegate.swift in Sources */ = {isa = PBXBuildFile; fileRef = 809F1F4F21CF061500A943B7 /* AppDelegate.swift */; };
		809F1F5521CF061500A943B7 /* Main.storyboard in Resources */ = {isa = PBXBuildFile; fileRef = 809F1F5321CF061500A943B7 /* Main.storyboard */; };
		809F1F5821CF061500A943B7 /* Eia.xcdatamodeld in Sources */ = {isa = PBXBuildFile; fileRef = 809F1F5621CF061500A943B7 /* Eia.xcdatamodeld */; };
		809F1F5A21CF062000A943B7 /* Assets.xcassets in Resources */ = {isa = PBXBuildFile; fileRef = 809F1F5921CF062000A943B7 /* Assets.xcassets */; };
		809F1F5D21CF062000A943B7 /* LaunchScreen.storyboard in Resources */ = {isa = PBXBuildFile; fileRef = 809F1F5B21CF062000A943B7 /* LaunchScreen.storyboard */; };
		809F1F6621CF939700A943B7 /* LoginTableViewController.swift in Sources */ = {isa = PBXBuildFile; fileRef = 809F1F6521CF939700A943B7 /* LoginTableViewController.swift */; };
		809F1F6921CFEDAF00A943B7 /* EiaButton.swift in Sources */ = {isa = PBXBuildFile; fileRef = 809F1F6821CFEDAF00A943B7 /* EiaButton.swift */; };
		809F1F6B21CFEE8600A943B7 /* MainFlowButton.swift in Sources */ = {isa = PBXBuildFile; fileRef = 809F1F6A21CFEE8600A943B7 /* MainFlowButton.swift */; };
		809F1F6D21CFF17D00A943B7 /* AlternativeFlowButton.swift in Sources */ = {isa = PBXBuildFile; fileRef = 809F1F6C21CFF17D00A943B7 /* AlternativeFlowButton.swift */; };
		809F1F6F21CFF8B300A943B7 /* EmailTextField.swift in Sources */ = {isa = PBXBuildFile; fileRef = 809F1F6E21CFF8B300A943B7 /* EmailTextField.swift */; };
		809F1F7121D008DB00A943B7 /* EiaTextField.swift in Sources */ = {isa = PBXBuildFile; fileRef = 809F1F7021D008DB00A943B7 /* EiaTextField.swift */; };
		809F1F7321D00BA500A943B7 /* PasswordTextField.swift in Sources */ = {isa = PBXBuildFile; fileRef = 809F1F7221D00BA500A943B7 /* PasswordTextField.swift */; };
		809F1F7521D063E700A943B7 /* UserTextField.swift in Sources */ = {isa = PBXBuildFile; fileRef = 809F1F7421D063E700A943B7 /* UserTextField.swift */; };
		809F1F7721D0649300A943B7 /* SignUpTableViewController.swift in Sources */ = {isa = PBXBuildFile; fileRef = 809F1F7621D0649300A943B7 /* SignUpTableViewController.swift */; };
		809F1F7921D06F5E00A943B7 /* ResetPasswordTableViewController.swift in Sources */ = {isa = PBXBuildFile; fileRef = 809F1F7821D06F5E00A943B7 /* ResetPasswordTableViewController.swift */; };
		809F1F7C21D2851E00A943B7 /* ProfileViewController.swift in Sources */ = {isa = PBXBuildFile; fileRef = 809F1F7B21D2851E00A943B7 /* ProfileViewController.swift */; };
		80B507E621F6B31E00B197FD /* NewGroupVolunteersDataSource.swift in Sources */ = {isa = PBXBuildFile; fileRef = 80B507E521F6B31E00B197FD /* NewGroupVolunteersDataSource.swift */; };
		80B507E821F8671D00B197FD /* DetailGroupTableViewController.swift in Sources */ = {isa = PBXBuildFile; fileRef = 80B507E721F8671D00B197FD /* DetailGroupTableViewController.swift */; };
		80B507EA21F941B700B197FD /* DetailGroupVolunteersDataSource.swift in Sources */ = {isa = PBXBuildFile; fileRef = 80B507E921F941B700B197FD /* DetailGroupVolunteersDataSource.swift */; };
		80B507EC21FAA1C500B197FD /* EditGroupTableViewController.swift in Sources */ = {isa = PBXBuildFile; fileRef = 80B507EB21FAA1C500B197FD /* EditGroupTableViewController.swift */; };
		80C586E922125218001E720A /* ScaleTableViewCell.swift in Sources */ = {isa = PBXBuildFile; fileRef = 80C586E822125218001E720A /* ScaleTableViewCell.swift */; };
		80C586EB2212528C001E720A /* ScalesTableViewController.swift in Sources */ = {isa = PBXBuildFile; fileRef = 80C586EA2212528C001E720A /* ScalesTableViewController.swift */; };
		80D4C7A022302DB3007E5DF9 /* RequestExchangeTableViewController.swift in Sources */ = {isa = PBXBuildFile; fileRef = 80D4C79F22302DB3007E5DF9 /* RequestExchangeTableViewController.swift */; };
		80E3CC83221105B400D59F2F /* DetailTeamScalesDataSource.swift in Sources */ = {isa = PBXBuildFile; fileRef = 80E3CC82221105B400D59F2F /* DetailTeamScalesDataSource.swift */; };
		80E3CC8522110BCC00D59F2F /* TeamScaleTableViewCell.swift in Sources */ = {isa = PBXBuildFile; fileRef = 80E3CC8422110BCC00D59F2F /* TeamScaleTableViewCell.swift */; };
		80FFCFD021D31E4F00FAF12D /* PhoneTextField.swift in Sources */ = {isa = PBXBuildFile; fileRef = 80FFCFCF21D31E4F00FAF12D /* PhoneTextField.swift */; };
		80FFCFD221D323F200FAF12D /* EditProfileTableViewController.swift in Sources */ = {isa = PBXBuildFile; fileRef = 80FFCFD121D323F200FAF12D /* EditProfileTableViewController.swift */; };
		A6C67500A2B7575B001292FA /* Pods_Eia.framework in Frameworks */ = {isa = PBXBuildFile; fileRef = 01F4378AC67ECCA96A5088C0 /* Pods_Eia.framework */; };
/* End PBXBuildFile section */

/* Begin PBXFileReference section */
		01F4378AC67ECCA96A5088C0 /* Pods_Eia.framework */ = {isa = PBXFileReference; explicitFileType = wrapper.framework; includeInIndex = 0; path = Pods_Eia.framework; sourceTree = BUILT_PRODUCTS_DIR; };
		2B608739E29B2B70540ED05E /* Pods-Eia.release.xcconfig */ = {isa = PBXFileReference; includeInIndex = 1; lastKnownFileType = text.xcconfig; name = "Pods-Eia.release.xcconfig"; path = "Pods/Target Support Files/Pods-Eia/Pods-Eia.release.xcconfig"; sourceTree = "<group>"; };
		800795462201A27300FA7BA1 /* TeamTableViewCell.swift */ = {isa = PBXFileReference; lastKnownFileType = sourcecode.swift; path = TeamTableViewCell.swift; sourceTree = "<group>"; };
		800795482201B05500FA7BA1 /* TeamsTableViewController.swift */ = {isa = PBXFileReference; lastKnownFileType = sourcecode.swift; path = TeamsTableViewController.swift; sourceTree = "<group>"; };
		8007954A22067BBE00FA7BA1 /* DetailTeamTableViewController.swift */ = {isa = PBXFileReference; lastKnownFileType = sourcecode.swift; path = DetailTeamTableViewController.swift; sourceTree = "<group>"; };
		800E2A6922072773002057B0 /* EditTeamTableViewController.swift */ = {isa = PBXFileReference; lastKnownFileType = sourcecode.swift; path = EditTeamTableViewController.swift; sourceTree = "<group>"; };
		800E2A6B22072785002057B0 /* NewScaleTableViewController.swift */ = {isa = PBXFileReference; lastKnownFileType = sourcecode.swift; path = NewScaleTableViewController.swift; sourceTree = "<group>"; };
		801CCE5D21D5BDA500D7DD3B /* GoogleService-Info.plist */ = {isa = PBXFileReference; fileEncoding = 4; lastKnownFileType = text.plist.xml; path = "GoogleService-Info.plist"; sourceTree = "<group>"; };
		8029F19D222504B0002C6C3E /* EditScaleTableViewController.swift */ = {isa = PBXFileReference; lastKnownFileType = sourcecode.swift; path = EditScaleTableViewController.swift; sourceTree = "<group>"; };
		8029F19F22261F47002C6C3E /* ScaleStatusTextField.swift */ = {isa = PBXFileReference; lastKnownFileType = sourcecode.swift; path = ScaleStatusTextField.swift; sourceTree = "<group>"; };
		8029F1A12226AF5A002C6C3E /* EditScaleInvitationsDataSource.swift */ = {isa = PBXFileReference; lastKnownFileType = sourcecode.swift; path = EditScaleInvitationsDataSource.swift; sourceTree = "<group>"; };
		802CDB1322178BBC0049683A /* ScaleInvitationTableViewCell.swift */ = {isa = PBXFileReference; lastKnownFileType = sourcecode.swift; path = ScaleInvitationTableViewCell.swift; sourceTree = "<group>"; };
		802CDB1522178DDA0049683A /* DetailScaleTableViewController.swift */ = {isa = PBXFileReference; lastKnownFileType = sourcecode.swift; path = DetailScaleTableViewController.swift; sourceTree = "<group>"; };
		802CDB172217A08B0049683A /* DetailScaleInvitationsDataSource.swift */ = {isa = PBXFileReference; lastKnownFileType = sourcecode.swift; path = DetailScaleInvitationsDataSource.swift; sourceTree = "<group>"; };
		80414A9821F422CA00D8E5A0 /* GroupVolunteerTableViewCell.swift */ = {isa = PBXFileReference; lastKnownFileType = sourcecode.swift; path = GroupVolunteerTableViewCell.swift; sourceTree = "<group>"; };
		80456D1321D83AD8004678DD /* EiaFeedback.swift */ = {isa = PBXFileReference; lastKnownFileType = sourcecode.swift; path = EiaFeedback.swift; sourceTree = "<group>"; };
		80456D1521D886C6004678DD /* HomeTabBarController.swift */ = {isa = PBXFileReference; lastKnownFileType = sourcecode.swift; path = HomeTabBarController.swift; sourceTree = "<group>"; };
		8048452B220D0BD300B01FC6 /* BeginScaleTextField.swift */ = {isa = PBXFileReference; lastKnownFileType = sourcecode.swift; path = BeginScaleTextField.swift; sourceTree = "<group>"; };
		8048452D220D164C00B01FC6 /* NewScaleVolunteersDataSource.swift */ = {isa = PBXFileReference; lastKnownFileType = sourcecode.swift; path = NewScaleVolunteersDataSource.swift; sourceTree = "<group>"; };
		8048452F220D18F400B01FC6 /* EndScaleTextField.swift */ = {isa = PBXFileReference; lastKnownFileType = sourcecode.swift; path = EndScaleTextField.swift; sourceTree = "<group>"; };
		804D7C282241D87B000555FE /* WorkingIndicator.swift */ = {isa = PBXFileReference; lastKnownFileType = sourcecode.swift; path = WorkingIndicator.swift; sourceTree = "<group>"; };
		8068DB0C2216553600DCCD11 /* EditTeamVolunteersDataSource.swift */ = {isa = PBXFileReference; lastKnownFileType = sourcecode.swift; path = EditTeamVolunteersDataSource.swift; sourceTree = "<group>"; };
		8068DB0E2216591C00DCCD11 /* EditTeamScalesDataSource.swift */ = {isa = PBXFileReference; lastKnownFileType = sourcecode.swift; path = EditTeamScalesDataSource.swift; sourceTree = "<group>"; };
		8068DB1022165E5000DCCD11 /* DetailTeamVolunteersDataSource.swift */ = {isa = PBXFileReference; lastKnownFileType = sourcecode.swift; path = DetailTeamVolunteersDataSource.swift; sourceTree = "<group>"; };
		808259972231130F0023C053 /* RequestExchangeVolunteersDataSource.swift */ = {isa = PBXFileReference; lastKnownFileType = sourcecode.swift; path = RequestExchangeVolunteersDataSource.swift; sourceTree = "<group>"; };
		8082E9FF21FCDEFE000B747F /* EditGroupVolunteersDataSource.swift */ = {isa = PBXFileReference; lastKnownFileType = sourcecode.swift; path = EditGroupVolunteersDataSource.swift; sourceTree = "<group>"; };
		8082EA0121FD7A3F000B747F /* NewTeamVolunteersDataSource.swift */ = {isa = PBXFileReference; lastKnownFileType = sourcecode.swift; path = NewTeamVolunteersDataSource.swift; sourceTree = "<group>"; };
		8082EA0321FD8754000B747F /* TeamNameTextField.swift */ = {isa = PBXFileReference; lastKnownFileType = sourcecode.swift; path = TeamNameTextField.swift; sourceTree = "<group>"; };
		8082EA0521FD8936000B747F /* NewTeamTableViewController.swift */ = {isa = PBXFileReference; lastKnownFileType = sourcecode.swift; path = NewTeamTableViewController.swift; sourceTree = "<group>"; };
		8082EA0721FE09BD000B747F /* DetailGroupTeamsDataSource.swift */ = {isa = PBXFileReference; lastKnownFileType = sourcecode.swift; path = DetailGroupTeamsDataSource.swift; sourceTree = "<group>"; };
		8082EA0921FE0CAC000B747F /* GroupTeamTableViewCell.swift */ = {isa = PBXFileReference; lastKnownFileType = sourcecode.swift; path = GroupTeamTableViewCell.swift; sourceTree = "<group>"; };
		8082EA0B21FE1BFA000B747F /* EditGroupTeamsDataSource.swift */ = {isa = PBXFileReference; lastKnownFileType = sourcecode.swift; path = EditGroupTeamsDataSource.swift; sourceTree = "<group>"; };
		8087F51C21E12D2A00870B3E /* GroupsTableViewController.swift */ = {isa = PBXFileReference; lastKnownFileType = sourcecode.swift; path = GroupsTableViewController.swift; sourceTree = "<group>"; };
		8087F51E21E1325C00870B3E /* GroupTableViewCell.swift */ = {isa = PBXFileReference; lastKnownFileType = sourcecode.swift; path = GroupTableViewCell.swift; sourceTree = "<group>"; };
		8087F52021E170CD00870B3E /* Group.swift */ = {isa = PBXFileReference; lastKnownFileType = sourcecode.swift; path = Group.swift; sourceTree = "<group>"; };
		8087F52221E1849200870B3E /* Group_Item.swift */ = {isa = PBXFileReference; lastKnownFileType = sourcecode.swift; path = Group_Item.swift; sourceTree = "<group>"; };
		8087F52421E18C1800870B3E /* Voluntary_Item.swift */ = {isa = PBXFileReference; lastKnownFileType = sourcecode.swift; path = Voluntary_Item.swift; sourceTree = "<group>"; };
		8087F52621E1950E00870B3E /* Team.swift */ = {isa = PBXFileReference; lastKnownFileType = sourcecode.swift; path = Team.swift; sourceTree = "<group>"; };
		8087F52821E195F500870B3E /* Team_Item.swift */ = {isa = PBXFileReference; lastKnownFileType = sourcecode.swift; path = Team_Item.swift; sourceTree = "<group>"; };
		8087F52A21E6DA6800870B3E /* NewGroupTableViewController.swift */ = {isa = PBXFileReference; lastKnownFileType = sourcecode.swift; path = NewGroupTableViewController.swift; sourceTree = "<group>"; };
		8087F52C21E6DFBC00870B3E /* GroupNameTextField.swift */ = {isa = PBXFileReference; lastKnownFileType = sourcecode.swift; path = GroupNameTextField.swift; sourceTree = "<group>"; };
		8087F52E21E6E19600870B3E /* GroupDescriptionTextField.swift */ = {isa = PBXFileReference; lastKnownFileType = sourcecode.swift; path = GroupDescriptionTextField.swift; sourceTree = "<group>"; };
		8094D40D2209328A0037F305 /* Scale_Item.swift */ = {isa = PBXFileReference; lastKnownFileType = sourcecode.swift; path = Scale_Item.swift; sourceTree = "<group>"; };
		8094D40F220932A80037F305 /* Invitation_Item.swift */ = {isa = PBXFileReference; lastKnownFileType = sourcecode.swift; path = Invitation_Item.swift; sourceTree = "<group>"; };
		8094D411220932CE0037F305 /* Scale.swift */ = {isa = PBXFileReference; lastKnownFileType = sourcecode.swift; path = Scale.swift; sourceTree = "<group>"; };
		8094D413220933390037F305 /* Invitation.swift */ = {isa = PBXFileReference; lastKnownFileType = sourcecode.swift; path = Invitation.swift; sourceTree = "<group>"; };
		80957A6821D3B2A7003D63DA /* Voluntary.swift */ = {isa = PBXFileReference; lastKnownFileType = sourcecode.swift; path = Voluntary.swift; sourceTree = "<group>"; };
		80957A6A21D50AB6003D63DA /* EiaColors.swift */ = {isa = PBXFileReference; lastKnownFileType = sourcecode.swift; path = EiaColors.swift; sourceTree = "<group>"; };
		80957A6C21D516E6003D63DA /* EiaError.swift */ = {isa = PBXFileReference; lastKnownFileType = sourcecode.swift; path = EiaError.swift; sourceTree = "<group>"; };
		80957A6E21D51ACB003D63DA /* Localizable.strings */ = {isa = PBXFileReference; lastKnownFileType = text.plist.strings; path = Localizable.strings; sourceTree = "<group>"; };
		80957A7021D55909003D63DA /* RePasswordTextField.swift */ = {isa = PBXFileReference; lastKnownFileType = sourcecode.swift; path = RePasswordTextField.swift; sourceTree = "<group>"; };
		80957A7221D56DA1003D63DA /* EiaFormTableViewController.swift */ = {isa = PBXFileReference; lastKnownFileType = sourcecode.swift; path = EiaFormTableViewController.swift; sourceTree = "<group>"; };
		809F1F4C21CF061500A943B7 /* Eia.app */ = {isa = PBXFileReference; explicitFileType = wrapper.application; includeInIndex = 0; path = Eia.app; sourceTree = BUILT_PRODUCTS_DIR; };
		809F1F4F21CF061500A943B7 /* AppDelegate.swift */ = {isa = PBXFileReference; lastKnownFileType = sourcecode.swift; path = AppDelegate.swift; sourceTree = "<group>"; };
		809F1F5421CF061500A943B7 /* Base */ = {isa = PBXFileReference; lastKnownFileType = file.storyboard; name = Base; path = Base.lproj/Main.storyboard; sourceTree = "<group>"; };
		809F1F5721CF061500A943B7 /* Eia.xcdatamodel */ = {isa = PBXFileReference; lastKnownFileType = wrapper.xcdatamodel; path = Eia.xcdatamodel; sourceTree = "<group>"; };
		809F1F5921CF062000A943B7 /* Assets.xcassets */ = {isa = PBXFileReference; lastKnownFileType = folder.assetcatalog; path = Assets.xcassets; sourceTree = "<group>"; };
		809F1F5C21CF062000A943B7 /* Base */ = {isa = PBXFileReference; lastKnownFileType = file.storyboard; name = Base; path = Base.lproj/LaunchScreen.storyboard; sourceTree = "<group>"; };
		809F1F5E21CF062000A943B7 /* Info.plist */ = {isa = PBXFileReference; lastKnownFileType = text.plist.xml; path = Info.plist; sourceTree = "<group>"; };
		809F1F6521CF939700A943B7 /* LoginTableViewController.swift */ = {isa = PBXFileReference; lastKnownFileType = sourcecode.swift; path = LoginTableViewController.swift; sourceTree = "<group>"; };
		809F1F6821CFEDAF00A943B7 /* EiaButton.swift */ = {isa = PBXFileReference; lastKnownFileType = sourcecode.swift; path = EiaButton.swift; sourceTree = "<group>"; };
		809F1F6A21CFEE8600A943B7 /* MainFlowButton.swift */ = {isa = PBXFileReference; lastKnownFileType = sourcecode.swift; path = MainFlowButton.swift; sourceTree = "<group>"; };
		809F1F6C21CFF17D00A943B7 /* AlternativeFlowButton.swift */ = {isa = PBXFileReference; lastKnownFileType = sourcecode.swift; path = AlternativeFlowButton.swift; sourceTree = "<group>"; };
		809F1F6E21CFF8B300A943B7 /* EmailTextField.swift */ = {isa = PBXFileReference; lastKnownFileType = sourcecode.swift; path = EmailTextField.swift; sourceTree = "<group>"; };
		809F1F7021D008DB00A943B7 /* EiaTextField.swift */ = {isa = PBXFileReference; lastKnownFileType = sourcecode.swift; path = EiaTextField.swift; sourceTree = "<group>"; };
		809F1F7221D00BA500A943B7 /* PasswordTextField.swift */ = {isa = PBXFileReference; lastKnownFileType = sourcecode.swift; path = PasswordTextField.swift; sourceTree = "<group>"; };
		809F1F7421D063E700A943B7 /* UserTextField.swift */ = {isa = PBXFileReference; lastKnownFileType = sourcecode.swift; path = UserTextField.swift; sourceTree = "<group>"; };
		809F1F7621D0649300A943B7 /* SignUpTableViewController.swift */ = {isa = PBXFileReference; lastKnownFileType = sourcecode.swift; path = SignUpTableViewController.swift; sourceTree = "<group>"; };
		809F1F7821D06F5E00A943B7 /* ResetPasswordTableViewController.swift */ = {isa = PBXFileReference; lastKnownFileType = sourcecode.swift; path = ResetPasswordTableViewController.swift; sourceTree = "<group>"; };
		809F1F7B21D2851E00A943B7 /* ProfileViewController.swift */ = {isa = PBXFileReference; lastKnownFileType = sourcecode.swift; path = ProfileViewController.swift; sourceTree = "<group>"; };
		80B507E521F6B31E00B197FD /* NewGroupVolunteersDataSource.swift */ = {isa = PBXFileReference; lastKnownFileType = sourcecode.swift; path = NewGroupVolunteersDataSource.swift; sourceTree = "<group>"; };
		80B507E721F8671D00B197FD /* DetailGroupTableViewController.swift */ = {isa = PBXFileReference; lastKnownFileType = sourcecode.swift; path = DetailGroupTableViewController.swift; sourceTree = "<group>"; };
		80B507E921F941B700B197FD /* DetailGroupVolunteersDataSource.swift */ = {isa = PBXFileReference; lastKnownFileType = sourcecode.swift; path = DetailGroupVolunteersDataSource.swift; sourceTree = "<group>"; };
		80B507EB21FAA1C500B197FD /* EditGroupTableViewController.swift */ = {isa = PBXFileReference; lastKnownFileType = sourcecode.swift; path = EditGroupTableViewController.swift; sourceTree = "<group>"; };
		80C586E822125218001E720A /* ScaleTableViewCell.swift */ = {isa = PBXFileReference; lastKnownFileType = sourcecode.swift; path = ScaleTableViewCell.swift; sourceTree = "<group>"; };
		80C586EA2212528C001E720A /* ScalesTableViewController.swift */ = {isa = PBXFileReference; lastKnownFileType = sourcecode.swift; path = ScalesTableViewController.swift; sourceTree = "<group>"; };
		80D4C79F22302DB3007E5DF9 /* RequestExchangeTableViewController.swift */ = {isa = PBXFileReference; lastKnownFileType = sourcecode.swift; path = RequestExchangeTableViewController.swift; sourceTree = "<group>"; };
		80E3CC82221105B400D59F2F /* DetailTeamScalesDataSource.swift */ = {isa = PBXFileReference; lastKnownFileType = sourcecode.swift; path = DetailTeamScalesDataSource.swift; sourceTree = "<group>"; };
		80E3CC8422110BCC00D59F2F /* TeamScaleTableViewCell.swift */ = {isa = PBXFileReference; lastKnownFileType = sourcecode.swift; path = TeamScaleTableViewCell.swift; sourceTree = "<group>"; };
		80FFCFCF21D31E4F00FAF12D /* PhoneTextField.swift */ = {isa = PBXFileReference; lastKnownFileType = sourcecode.swift; path = PhoneTextField.swift; sourceTree = "<group>"; };
		80FFCFD121D323F200FAF12D /* EditProfileTableViewController.swift */ = {isa = PBXFileReference; lastKnownFileType = sourcecode.swift; path = EditProfileTableViewController.swift; sourceTree = "<group>"; };
		D2F20254F232136AA0ADD9AC /* Pods-Eia.debug.xcconfig */ = {isa = PBXFileReference; includeInIndex = 1; lastKnownFileType = text.xcconfig; name = "Pods-Eia.debug.xcconfig"; path = "Pods/Target Support Files/Pods-Eia/Pods-Eia.debug.xcconfig"; sourceTree = "<group>"; };
/* End PBXFileReference section */

/* Begin PBXFrameworksBuildPhase section */
		809F1F4921CF061400A943B7 /* Frameworks */ = {
			isa = PBXFrameworksBuildPhase;
			buildActionMask = 2147483647;
			files = (
				A6C67500A2B7575B001292FA /* Pods_Eia.framework in Frameworks */,
			);
			runOnlyForDeploymentPostprocessing = 0;
		};
/* End PBXFrameworksBuildPhase section */

/* Begin PBXGroup section */
		26D01B110EC0354AA541E888 /* Frameworks */ = {
			isa = PBXGroup;
			children = (
				01F4378AC67ECCA96A5088C0 /* Pods_Eia.framework */,
			);
			name = Frameworks;
			sourceTree = "<group>";
		};
		5E2B81BF0621AD183A453AD9 /* Pods */ = {
			isa = PBXGroup;
			children = (
				D2F20254F232136AA0ADD9AC /* Pods-Eia.debug.xcconfig */,
				2B608739E29B2B70540ED05E /* Pods-Eia.release.xcconfig */,
			);
			name = Pods;
			sourceTree = "<group>";
		};
		8007954C22070B2700FA7BA1 /* DataSources */ = {
			isa = PBXGroup;
			children = (
				8068DB1022165E5000DCCD11 /* DetailTeamVolunteersDataSource.swift */,
				80B507E521F6B31E00B197FD /* NewGroupVolunteersDataSource.swift */,
				80B507E921F941B700B197FD /* DetailGroupVolunteersDataSource.swift */,
				8082E9FF21FCDEFE000B747F /* EditGroupVolunteersDataSource.swift */,
				8082EA0121FD7A3F000B747F /* NewTeamVolunteersDataSource.swift */,
				8082EA0721FE09BD000B747F /* DetailGroupTeamsDataSource.swift */,
				8082EA0B21FE1BFA000B747F /* EditGroupTeamsDataSource.swift */,
				8048452D220D164C00B01FC6 /* NewScaleVolunteersDataSource.swift */,
				80E3CC82221105B400D59F2F /* DetailTeamScalesDataSource.swift */,
				8068DB0C2216553600DCCD11 /* EditTeamVolunteersDataSource.swift */,
				8068DB0E2216591C00DCCD11 /* EditTeamScalesDataSource.swift */,
				802CDB172217A08B0049683A /* DetailScaleInvitationsDataSource.swift */,
				8029F1A12226AF5A002C6C3E /* EditScaleInvitationsDataSource.swift */,
				808259972231130F0023C053 /* RequestExchangeVolunteersDataSource.swift */,
			);
			path = DataSources;
			sourceTree = "<group>";
		};
		8068DB0B2214E6FE00DCCD11 /* CellControllers */ = {
			isa = PBXGroup;
			children = (
				8087F51E21E1325C00870B3E /* GroupTableViewCell.swift */,
				80414A9821F422CA00D8E5A0 /* GroupVolunteerTableViewCell.swift */,
				8082EA0921FE0CAC000B747F /* GroupTeamTableViewCell.swift */,
				800795462201A27300FA7BA1 /* TeamTableViewCell.swift */,
				80E3CC8422110BCC00D59F2F /* TeamScaleTableViewCell.swift */,
				80C586E822125218001E720A /* ScaleTableViewCell.swift */,
				802CDB1322178BBC0049683A /* ScaleInvitationTableViewCell.swift */,
			);
			path = CellControllers;
			sourceTree = "<group>";
		};
		80957A6721D3A614003D63DA /* Entities */ = {
			isa = PBXGroup;
			children = (
				80957A6821D3B2A7003D63DA /* Voluntary.swift */,
				80957A6A21D50AB6003D63DA /* EiaColors.swift */,
				80957A6C21D516E6003D63DA /* EiaError.swift */,
				80456D1321D83AD8004678DD /* EiaFeedback.swift */,
				8087F52021E170CD00870B3E /* Group.swift */,
				8087F52221E1849200870B3E /* Group_Item.swift */,
				8087F52421E18C1800870B3E /* Voluntary_Item.swift */,
				8087F52621E1950E00870B3E /* Team.swift */,
				8087F52821E195F500870B3E /* Team_Item.swift */,
				8094D40D2209328A0037F305 /* Scale_Item.swift */,
				8094D40F220932A80037F305 /* Invitation_Item.swift */,
				8094D411220932CE0037F305 /* Scale.swift */,
				8094D413220933390037F305 /* Invitation.swift */,
				804D7C282241D87B000555FE /* WorkingIndicator.swift */,
			);
			path = Entities;
			sourceTree = "<group>";
		};
		809F1F4321CF061400A943B7 = {
			isa = PBXGroup;
			children = (
				809F1F4E21CF061500A943B7 /* Eia */,
				809F1F4D21CF061500A943B7 /* Products */,
				5E2B81BF0621AD183A453AD9 /* Pods */,
				26D01B110EC0354AA541E888 /* Frameworks */,
			);
			sourceTree = "<group>";
		};
		809F1F4D21CF061500A943B7 /* Products */ = {
			isa = PBXGroup;
			children = (
				809F1F4C21CF061500A943B7 /* Eia.app */,
			);
			name = Products;
			sourceTree = "<group>";
		};
		809F1F4E21CF061500A943B7 /* Eia */ = {
			isa = PBXGroup;
			children = (
				8007954C22070B2700FA7BA1 /* DataSources */,
				80957A6721D3A614003D63DA /* Entities */,
				809F1F6721CFED4800A943B7 /* CustomViews */,
				809F1F6421CF932500A943B7 /* Controllers */,
				809F1F4F21CF061500A943B7 /* AppDelegate.swift */,
				809F1F5321CF061500A943B7 /* Main.storyboard */,
				809F1F5921CF062000A943B7 /* Assets.xcassets */,
				809F1F5B21CF062000A943B7 /* LaunchScreen.storyboard */,
				809F1F5E21CF062000A943B7 /* Info.plist */,
				801CCE5D21D5BDA500D7DD3B /* GoogleService-Info.plist */,
				809F1F5621CF061500A943B7 /* Eia.xcdatamodeld */,
				80957A6E21D51ACB003D63DA /* Localizable.strings */,
			);
			path = Eia;
			sourceTree = "<group>";
		};
		809F1F6421CF932500A943B7 /* Controllers */ = {
			isa = PBXGroup;
			children = (
				8068DB0B2214E6FE00DCCD11 /* CellControllers */,
				809F1F6521CF939700A943B7 /* LoginTableViewController.swift */,
				802CDB1522178DDA0049683A /* DetailScaleTableViewController.swift */,
				809F1F7621D0649300A943B7 /* SignUpTableViewController.swift */,
				809F1F7821D06F5E00A943B7 /* ResetPasswordTableViewController.swift */,
				809F1F7B21D2851E00A943B7 /* ProfileViewController.swift */,
				80FFCFD121D323F200FAF12D /* EditProfileTableViewController.swift */,
				80957A7221D56DA1003D63DA /* EiaFormTableViewController.swift */,
				80456D1521D886C6004678DD /* HomeTabBarController.swift */,
				8087F51C21E12D2A00870B3E /* GroupsTableViewController.swift */,
				8087F52A21E6DA6800870B3E /* NewGroupTableViewController.swift */,
				80B507E721F8671D00B197FD /* DetailGroupTableViewController.swift */,
				80B507EB21FAA1C500B197FD /* EditGroupTableViewController.swift */,
				8082EA0521FD8936000B747F /* NewTeamTableViewController.swift */,
				800795482201B05500FA7BA1 /* TeamsTableViewController.swift */,
				8007954A22067BBE00FA7BA1 /* DetailTeamTableViewController.swift */,
				800E2A6922072773002057B0 /* EditTeamTableViewController.swift */,
				8029F19D222504B0002C6C3E /* EditScaleTableViewController.swift */,
				800E2A6B22072785002057B0 /* NewScaleTableViewController.swift */,
				80C586EA2212528C001E720A /* ScalesTableViewController.swift */,
				80D4C79F22302DB3007E5DF9 /* RequestExchangeTableViewController.swift */,
			);
			path = Controllers;
			sourceTree = "<group>";
		};
		809F1F6721CFED4800A943B7 /* CustomViews */ = {
			isa = PBXGroup;
			children = (
				809F1F6821CFEDAF00A943B7 /* EiaButton.swift */,
				809F1F6A21CFEE8600A943B7 /* MainFlowButton.swift */,
				809F1F6C21CFF17D00A943B7 /* AlternativeFlowButton.swift */,
				809F1F6E21CFF8B300A943B7 /* EmailTextField.swift */,
				809F1F7021D008DB00A943B7 /* EiaTextField.swift */,
				809F1F7221D00BA500A943B7 /* PasswordTextField.swift */,
				809F1F7421D063E700A943B7 /* UserTextField.swift */,
				80FFCFCF21D31E4F00FAF12D /* PhoneTextField.swift */,
				80957A7021D55909003D63DA /* RePasswordTextField.swift */,
				8087F52C21E6DFBC00870B3E /* GroupNameTextField.swift */,
				8087F52E21E6E19600870B3E /* GroupDescriptionTextField.swift */,
				8082EA0321FD8754000B747F /* TeamNameTextField.swift */,
				8048452B220D0BD300B01FC6 /* BeginScaleTextField.swift */,
				8048452F220D18F400B01FC6 /* EndScaleTextField.swift */,
				8029F19F22261F47002C6C3E /* ScaleStatusTextField.swift */,
			);
			path = CustomViews;
			sourceTree = "<group>";
		};
/* End PBXGroup section */

/* Begin PBXNativeTarget section */
		809F1F4B21CF061400A943B7 /* Eia */ = {
			isa = PBXNativeTarget;
			buildConfigurationList = 809F1F6121CF062000A943B7 /* Build configuration list for PBXNativeTarget "Eia" */;
			buildPhases = (
				3595E31D96613F8B3E642E80 /* [CP] Check Pods Manifest.lock */,
				809F1F4821CF061400A943B7 /* Sources */,
				809F1F4921CF061400A943B7 /* Frameworks */,
				809F1F4A21CF061400A943B7 /* Resources */,
				C8F1B00599B84E66BFFAE8F0 /* [CP] Embed Pods Frameworks */,
			);
			buildRules = (
			);
			dependencies = (
			);
			name = Eia;
			productName = Eia;
			productReference = 809F1F4C21CF061500A943B7 /* Eia.app */;
			productType = "com.apple.product-type.application";
		};
/* End PBXNativeTarget section */

/* Begin PBXProject section */
		809F1F4421CF061400A943B7 /* Project object */ = {
			isa = PBXProject;
			attributes = {
				LastSwiftUpdateCheck = 1010;
				LastUpgradeCheck = 1010;
				ORGANIZATIONNAME = "Cleofas Pereira";
				TargetAttributes = {
					809F1F4B21CF061400A943B7 = {
						CreatedOnToolsVersion = 10.1;
					};
				};
			};
			buildConfigurationList = 809F1F4721CF061400A943B7 /* Build configuration list for PBXProject "Eia" */;
			compatibilityVersion = "Xcode 9.3";
			developmentRegion = en;
			hasScannedForEncodings = 0;
			knownRegions = (
				en,
				Base,
			);
			mainGroup = 809F1F4321CF061400A943B7;
			productRefGroup = 809F1F4D21CF061500A943B7 /* Products */;
			projectDirPath = "";
			projectRoot = "";
			targets = (
				809F1F4B21CF061400A943B7 /* Eia */,
			);
		};
/* End PBXProject section */

/* Begin PBXResourcesBuildPhase section */
		809F1F4A21CF061400A943B7 /* Resources */ = {
			isa = PBXResourcesBuildPhase;
			buildActionMask = 2147483647;
			files = (
				809F1F5D21CF062000A943B7 /* LaunchScreen.storyboard in Resources */,
				80957A6F21D51ACB003D63DA /* Localizable.strings in Resources */,
				801CCE5E21D5BDA500D7DD3B /* GoogleService-Info.plist in Resources */,
				809F1F5A21CF062000A943B7 /* Assets.xcassets in Resources */,
				809F1F5521CF061500A943B7 /* Main.storyboard in Resources */,
			);
			runOnlyForDeploymentPostprocessing = 0;
		};
/* End PBXResourcesBuildPhase section */

/* Begin PBXShellScriptBuildPhase section */
		3595E31D96613F8B3E642E80 /* [CP] Check Pods Manifest.lock */ = {
			isa = PBXShellScriptBuildPhase;
			buildActionMask = 2147483647;
			files = (
			);
			inputFileListPaths = (
			);
			inputPaths = (
				"${PODS_PODFILE_DIR_PATH}/Podfile.lock",
				"${PODS_ROOT}/Manifest.lock",
			);
			name = "[CP] Check Pods Manifest.lock";
			outputFileListPaths = (
			);
			outputPaths = (
				"$(DERIVED_FILE_DIR)/Pods-Eia-checkManifestLockResult.txt",
			);
			runOnlyForDeploymentPostprocessing = 0;
			shellPath = /bin/sh;
			shellScript = "diff \"${PODS_PODFILE_DIR_PATH}/Podfile.lock\" \"${PODS_ROOT}/Manifest.lock\" > /dev/null\nif [ $? != 0 ] ; then\n    # print error to STDERR\n    echo \"error: The sandbox is not in sync with the Podfile.lock. Run 'pod install' or update your CocoaPods installation.\" >&2\n    exit 1\nfi\n# This output is used by Xcode 'outputs' to avoid re-running this script phase.\necho \"SUCCESS\" > \"${SCRIPT_OUTPUT_FILE_0}\"\n";
			showEnvVarsInLog = 0;
		};
		C8F1B00599B84E66BFFAE8F0 /* [CP] Embed Pods Frameworks */ = {
			isa = PBXShellScriptBuildPhase;
			buildActionMask = 2147483647;
			files = (
			);
			inputFileListPaths = (
			);
			inputPaths = (
				"${SRCROOT}/Pods/Target Support Files/Pods-Eia/Pods-Eia-frameworks.sh",
				"${BUILT_PRODUCTS_DIR}/GTMSessionFetcher/GTMSessionFetcher.framework",
				"${BUILT_PRODUCTS_DIR}/GoogleUtilities/GoogleUtilities.framework",
				"${BUILT_PRODUCTS_DIR}/leveldb-library/leveldb.framework",
				"${BUILT_PRODUCTS_DIR}/nanopb/nanopb.framework",
			);
			name = "[CP] Embed Pods Frameworks";
			outputFileListPaths = (
			);
			outputPaths = (
				"${TARGET_BUILD_DIR}/${FRAMEWORKS_FOLDER_PATH}/GTMSessionFetcher.framework",
				"${TARGET_BUILD_DIR}/${FRAMEWORKS_FOLDER_PATH}/GoogleUtilities.framework",
				"${TARGET_BUILD_DIR}/${FRAMEWORKS_FOLDER_PATH}/leveldb.framework",
				"${TARGET_BUILD_DIR}/${FRAMEWORKS_FOLDER_PATH}/nanopb.framework",
			);
			runOnlyForDeploymentPostprocessing = 0;
			shellPath = /bin/sh;
			shellScript = "\"${SRCROOT}/Pods/Target Support Files/Pods-Eia/Pods-Eia-frameworks.sh\"\n";
			showEnvVarsInLog = 0;
		};
/* End PBXShellScriptBuildPhase section */

/* Begin PBXSourcesBuildPhase section */
		809F1F4821CF061400A943B7 /* Sources */ = {
			isa = PBXSourcesBuildPhase;
			buildActionMask = 2147483647;
			files = (
				809F1F5821CF061500A943B7 /* Eia.xcdatamodeld in Sources */,
				8029F19E222504B1002C6C3E /* EditScaleTableViewController.swift in Sources */,
				802CDB1422178BBC0049683A /* ScaleInvitationTableViewCell.swift in Sources */,
				80E3CC83221105B400D59F2F /* DetailTeamScalesDataSource.swift in Sources */,
				8029F1A22226AF5A002C6C3E /* EditScaleInvitationsDataSource.swift in Sources */,
				800795492201B05500FA7BA1 /* TeamsTableViewController.swift in Sources */,
				80B507EC21FAA1C500B197FD /* EditGroupTableViewController.swift in Sources */,
				809F1F6B21CFEE8600A943B7 /* MainFlowButton.swift in Sources */,
				80B507E821F8671D00B197FD /* DetailGroupTableViewController.swift in Sources */,
				80456D1621D886C6004678DD /* HomeTabBarController.swift in Sources */,
				8087F52121E170CD00870B3E /* Group.swift in Sources */,
				8087F52521E18C1800870B3E /* Voluntary_Item.swift in Sources */,
				8087F51F21E1325C00870B3E /* GroupTableViewCell.swift in Sources */,
				80957A7321D56DA1003D63DA /* EiaFormTableViewController.swift in Sources */,
				80FFCFD021D31E4F00FAF12D /* PhoneTextField.swift in Sources */,
				8087F52D21E6DFBC00870B3E /* GroupNameTextField.swift in Sources */,
				809F1F7321D00BA500A943B7 /* PasswordTextField.swift in Sources */,
				800E2A6C22072785002057B0 /* NewScaleTableViewController.swift in Sources */,
				8082EA0C21FE1BFA000B747F /* EditGroupTeamsDataSource.swift in Sources */,
				80414A9921F422CA00D8E5A0 /* GroupVolunteerTableViewCell.swift in Sources */,
				80D4C7A022302DB3007E5DF9 /* RequestExchangeTableViewController.swift in Sources */,
				80957A6D21D516E6003D63DA /* EiaError.swift in Sources */,
				809F1F6F21CFF8B300A943B7 /* EmailTextField.swift in Sources */,
				80C586EB2212528C001E720A /* ScalesTableViewController.swift in Sources */,
				802CDB1622178DDA0049683A /* DetailScaleTableViewController.swift in Sources */,
				8087F52321E1849200870B3E /* Group_Item.swift in Sources */,
				809F1F7521D063E700A943B7 /* UserTextField.swift in Sources */,
				809F1F7721D0649300A943B7 /* SignUpTableViewController.swift in Sources */,
				80957A6B21D50AB6003D63DA /* EiaColors.swift in Sources */,
				809F1F7921D06F5E00A943B7 /* ResetPasswordTableViewController.swift in Sources */,
				8087F52721E1950E00870B3E /* Team.swift in Sources */,
				80C586E922125218001E720A /* ScaleTableViewCell.swift in Sources */,
				8087F52B21E6DA6900870B3E /* NewGroupTableViewController.swift in Sources */,
				80FFCFD221D323F200FAF12D /* EditProfileTableViewController.swift in Sources */,
				8087F52F21E6E19600870B3E /* GroupDescriptionTextField.swift in Sources */,
				800E2A6A22072773002057B0 /* EditTeamTableViewController.swift in Sources */,
				809F1F6921CFEDAF00A943B7 /* EiaButton.swift in Sources */,
				809F1F6D21CFF17D00A943B7 /* AlternativeFlowButton.swift in Sources */,
				800795472201A27300FA7BA1 /* TeamTableViewCell.swift in Sources */,
				8082EA0821FE09BD000B747F /* DetailGroupTeamsDataSource.swift in Sources */,
				8094D412220932CE0037F305 /* Scale.swift in Sources */,
				80456D1421D83AD8004678DD /* EiaFeedback.swift in Sources */,
				8048452E220D164C00B01FC6 /* NewScaleVolunteersDataSource.swift in Sources */,
				8082EA0021FCDEFE000B747F /* EditGroupVolunteersDataSource.swift in Sources */,
				8094D410220932A80037F305 /* Invitation_Item.swift in Sources */,
				8082EA0A21FE0CAC000B747F /* GroupTeamTableViewCell.swift in Sources */,
				80E3CC8522110BCC00D59F2F /* TeamScaleTableViewCell.swift in Sources */,
				8068DB1122165E5000DCCD11 /* DetailTeamVolunteersDataSource.swift in Sources */,
				809F1F7121D008DB00A943B7 /* EiaTextField.swift in Sources */,
				8068DB0F2216591C00DCCD11 /* EditTeamScalesDataSource.swift in Sources */,
				8082EA0221FD7A3F000B747F /* NewTeamVolunteersDataSource.swift in Sources */,
				8094D414220933390037F305 /* Invitation.swift in Sources */,
				8029F1A022261F47002C6C3E /* ScaleStatusTextField.swift in Sources */,
				8087F52921E195F500870B3E /* Team_Item.swift in Sources */,
				808259982231130F0023C053 /* RequestExchangeVolunteersDataSource.swift in Sources */,
				809F1F7C21D2851E00A943B7 /* ProfileViewController.swift in Sources */,
				8094D40E2209328A0037F305 /* Scale_Item.swift in Sources */,
				8087F51D21E12D2A00870B3E /* GroupsTableViewController.swift in Sources */,
				802CDB182217A08B0049683A /* DetailScaleInvitationsDataSource.swift in Sources */,
				8007954B22067BBE00FA7BA1 /* DetailTeamTableViewController.swift in Sources */,
				8082EA0621FD8936000B747F /* NewTeamTableViewController.swift in Sources */,
				80957A7121D55909003D63DA /* RePasswordTextField.swift in Sources */,
				80484530220D18F400B01FC6 /* EndScaleTextField.swift in Sources */,
				804D7C292241D87B000555FE /* WorkingIndicator.swift in Sources */,
				8068DB0D2216553600DCCD11 /* EditTeamVolunteersDataSource.swift in Sources */,
				809F1F5021CF061500A943B7 /* AppDelegate.swift in Sources */,
				8048452C220D0BD300B01FC6 /* BeginScaleTextField.swift in Sources */,
				80B507EA21F941B700B197FD /* DetailGroupVolunteersDataSource.swift in Sources */,
				80B507E621F6B31E00B197FD /* NewGroupVolunteersDataSource.swift in Sources */,
				80957A6921D3B2A7003D63DA /* Voluntary.swift in Sources */,
				809F1F6621CF939700A943B7 /* LoginTableViewController.swift in Sources */,
				8082EA0421FD8754000B747F /* TeamNameTextField.swift in Sources */,
			);
			runOnlyForDeploymentPostprocessing = 0;
		};
/* End PBXSourcesBuildPhase section */

/* Begin PBXVariantGroup section */
		809F1F5321CF061500A943B7 /* Main.storyboard */ = {
			isa = PBXVariantGroup;
			children = (
				809F1F5421CF061500A943B7 /* Base */,
			);
			name = Main.storyboard;
			sourceTree = "<group>";
		};
		809F1F5B21CF062000A943B7 /* LaunchScreen.storyboard */ = {
			isa = PBXVariantGroup;
			children = (
				809F1F5C21CF062000A943B7 /* Base */,
			);
			name = LaunchScreen.storyboard;
			sourceTree = "<group>";
		};
/* End PBXVariantGroup section */

/* Begin XCBuildConfiguration section */
		809F1F5F21CF062000A943B7 /* Debug */ = {
			isa = XCBuildConfiguration;
			buildSettings = {
				ALWAYS_SEARCH_USER_PATHS = NO;
				CLANG_ANALYZER_NONNULL = YES;
				CLANG_ANALYZER_NUMBER_OBJECT_CONVERSION = YES_AGGRESSIVE;
				CLANG_CXX_LANGUAGE_STANDARD = "gnu++14";
				CLANG_CXX_LIBRARY = "libc++";
				CLANG_ENABLE_MODULES = YES;
				CLANG_ENABLE_OBJC_ARC = YES;
				CLANG_ENABLE_OBJC_WEAK = YES;
				CLANG_WARN_BLOCK_CAPTURE_AUTORELEASING = YES;
				CLANG_WARN_BOOL_CONVERSION = YES;
				CLANG_WARN_COMMA = YES;
				CLANG_WARN_CONSTANT_CONVERSION = YES;
				CLANG_WARN_DEPRECATED_OBJC_IMPLEMENTATIONS = YES;
				CLANG_WARN_DIRECT_OBJC_ISA_USAGE = YES_ERROR;
				CLANG_WARN_DOCUMENTATION_COMMENTS = YES;
				CLANG_WARN_EMPTY_BODY = YES;
				CLANG_WARN_ENUM_CONVERSION = YES;
				CLANG_WARN_INFINITE_RECURSION = YES;
				CLANG_WARN_INT_CONVERSION = YES;
				CLANG_WARN_NON_LITERAL_NULL_CONVERSION = YES;
				CLANG_WARN_OBJC_IMPLICIT_RETAIN_SELF = YES;
				CLANG_WARN_OBJC_LITERAL_CONVERSION = YES;
				CLANG_WARN_OBJC_ROOT_CLASS = YES_ERROR;
				CLANG_WARN_RANGE_LOOP_ANALYSIS = YES;
				CLANG_WARN_STRICT_PROTOTYPES = YES;
				CLANG_WARN_SUSPICIOUS_MOVE = YES;
				CLANG_WARN_UNGUARDED_AVAILABILITY = YES_AGGRESSIVE;
				CLANG_WARN_UNREACHABLE_CODE = YES;
				CLANG_WARN__DUPLICATE_METHOD_MATCH = YES;
				CODE_SIGN_IDENTITY = "iPhone Developer";
				COPY_PHASE_STRIP = NO;
				DEBUG_INFORMATION_FORMAT = dwarf;
				ENABLE_STRICT_OBJC_MSGSEND = YES;
				ENABLE_TESTABILITY = YES;
				GCC_C_LANGUAGE_STANDARD = gnu11;
				GCC_DYNAMIC_NO_PIC = NO;
				GCC_NO_COMMON_BLOCKS = YES;
				GCC_OPTIMIZATION_LEVEL = 0;
				GCC_PREPROCESSOR_DEFINITIONS = (
					"DEBUG=1",
					"$(inherited)",
				);
				GCC_WARN_64_TO_32_BIT_CONVERSION = YES;
				GCC_WARN_ABOUT_RETURN_TYPE = YES_ERROR;
				GCC_WARN_UNDECLARED_SELECTOR = YES;
				GCC_WARN_UNINITIALIZED_AUTOS = YES_AGGRESSIVE;
				GCC_WARN_UNUSED_FUNCTION = YES;
				GCC_WARN_UNUSED_VARIABLE = YES;
				IPHONEOS_DEPLOYMENT_TARGET = 12.1;
				MTL_ENABLE_DEBUG_INFO = INCLUDE_SOURCE;
				MTL_FAST_MATH = YES;
				ONLY_ACTIVE_ARCH = YES;
				SDKROOT = iphoneos;
				SWIFT_ACTIVE_COMPILATION_CONDITIONS = DEBUG;
				SWIFT_OPTIMIZATION_LEVEL = "-Onone";
			};
			name = Debug;
		};
		809F1F6021CF062000A943B7 /* Release */ = {
			isa = XCBuildConfiguration;
			buildSettings = {
				ALWAYS_SEARCH_USER_PATHS = NO;
				CLANG_ANALYZER_NONNULL = YES;
				CLANG_ANALYZER_NUMBER_OBJECT_CONVERSION = YES_AGGRESSIVE;
				CLANG_CXX_LANGUAGE_STANDARD = "gnu++14";
				CLANG_CXX_LIBRARY = "libc++";
				CLANG_ENABLE_MODULES = YES;
				CLANG_ENABLE_OBJC_ARC = YES;
				CLANG_ENABLE_OBJC_WEAK = YES;
				CLANG_WARN_BLOCK_CAPTURE_AUTORELEASING = YES;
				CLANG_WARN_BOOL_CONVERSION = YES;
				CLANG_WARN_COMMA = YES;
				CLANG_WARN_CONSTANT_CONVERSION = YES;
				CLANG_WARN_DEPRECATED_OBJC_IMPLEMENTATIONS = YES;
				CLANG_WARN_DIRECT_OBJC_ISA_USAGE = YES_ERROR;
				CLANG_WARN_DOCUMENTATION_COMMENTS = YES;
				CLANG_WARN_EMPTY_BODY = YES;
				CLANG_WARN_ENUM_CONVERSION = YES;
				CLANG_WARN_INFINITE_RECURSION = YES;
				CLANG_WARN_INT_CONVERSION = YES;
				CLANG_WARN_NON_LITERAL_NULL_CONVERSION = YES;
				CLANG_WARN_OBJC_IMPLICIT_RETAIN_SELF = YES;
				CLANG_WARN_OBJC_LITERAL_CONVERSION = YES;
				CLANG_WARN_OBJC_ROOT_CLASS = YES_ERROR;
				CLANG_WARN_RANGE_LOOP_ANALYSIS = YES;
				CLANG_WARN_STRICT_PROTOTYPES = YES;
				CLANG_WARN_SUSPICIOUS_MOVE = YES;
				CLANG_WARN_UNGUARDED_AVAILABILITY = YES_AGGRESSIVE;
				CLANG_WARN_UNREACHABLE_CODE = YES;
				CLANG_WARN__DUPLICATE_METHOD_MATCH = YES;
				CODE_SIGN_IDENTITY = "iPhone Developer";
				COPY_PHASE_STRIP = NO;
				DEBUG_INFORMATION_FORMAT = "dwarf-with-dsym";
				ENABLE_NS_ASSERTIONS = NO;
				ENABLE_STRICT_OBJC_MSGSEND = YES;
				GCC_C_LANGUAGE_STANDARD = gnu11;
				GCC_NO_COMMON_BLOCKS = YES;
				GCC_WARN_64_TO_32_BIT_CONVERSION = YES;
				GCC_WARN_ABOUT_RETURN_TYPE = YES_ERROR;
				GCC_WARN_UNDECLARED_SELECTOR = YES;
				GCC_WARN_UNINITIALIZED_AUTOS = YES_AGGRESSIVE;
				GCC_WARN_UNUSED_FUNCTION = YES;
				GCC_WARN_UNUSED_VARIABLE = YES;
				IPHONEOS_DEPLOYMENT_TARGET = 12.1;
				MTL_ENABLE_DEBUG_INFO = NO;
				MTL_FAST_MATH = YES;
				SDKROOT = iphoneos;
				SWIFT_COMPILATION_MODE = wholemodule;
				SWIFT_OPTIMIZATION_LEVEL = "-O";
				VALIDATE_PRODUCT = YES;
			};
			name = Release;
		};
		809F1F6221CF062000A943B7 /* Debug */ = {
			isa = XCBuildConfiguration;
			baseConfigurationReference = D2F20254F232136AA0ADD9AC /* Pods-Eia.debug.xcconfig */;
			buildSettings = {
				ASSETCATALOG_COMPILER_APPICON_NAME = AppIcon;
				CODE_SIGN_STYLE = Automatic;
				DEVELOPMENT_TEAM = VL8ZVKS45P;
				INFOPLIST_FILE = Eia/Info.plist;
				LD_RUNPATH_SEARCH_PATHS = (
					"$(inherited)",
					"@executable_path/Frameworks",
				);
				PRODUCT_BUNDLE_IDENTIFIER = br.com.cleofase.Eia;
				PRODUCT_NAME = "$(TARGET_NAME)";
				SWIFT_VERSION = 4.2;
				TARGETED_DEVICE_FAMILY = 1;
			};
			name = Debug;
		};
		809F1F6321CF062000A943B7 /* Release */ = {
			isa = XCBuildConfiguration;
			baseConfigurationReference = 2B608739E29B2B70540ED05E /* Pods-Eia.release.xcconfig */;
			buildSettings = {
				ASSETCATALOG_COMPILER_APPICON_NAME = AppIcon;
				CODE_SIGN_STYLE = Automatic;
				DEVELOPMENT_TEAM = VL8ZVKS45P;
				INFOPLIST_FILE = Eia/Info.plist;
				LD_RUNPATH_SEARCH_PATHS = (
					"$(inherited)",
					"@executable_path/Frameworks",
				);
				PRODUCT_BUNDLE_IDENTIFIER = br.com.cleofase.Eia;
				PRODUCT_NAME = "$(TARGET_NAME)";
				SWIFT_VERSION = 4.2;
				TARGETED_DEVICE_FAMILY = 1;
			};
			name = Release;
		};
/* End XCBuildConfiguration section */

/* Begin XCConfigurationList section */
		809F1F4721CF061400A943B7 /* Build configuration list for PBXProject "Eia" */ = {
			isa = XCConfigurationList;
			buildConfigurations = (
				809F1F5F21CF062000A943B7 /* Debug */,
				809F1F6021CF062000A943B7 /* Release */,
			);
			defaultConfigurationIsVisible = 0;
			defaultConfigurationName = Release;
		};
		809F1F6121CF062000A943B7 /* Build configuration list for PBXNativeTarget "Eia" */ = {
			isa = XCConfigurationList;
			buildConfigurations = (
				809F1F6221CF062000A943B7 /* Debug */,
				809F1F6321CF062000A943B7 /* Release */,
			);
			defaultConfigurationIsVisible = 0;
			defaultConfigurationName = Release;
		};
/* End XCConfigurationList section */

/* Begin XCVersionGroup section */
		809F1F5621CF061500A943B7 /* Eia.xcdatamodeld */ = {
			isa = XCVersionGroup;
			children = (
				809F1F5721CF061500A943B7 /* Eia.xcdatamodel */,
			);
			currentVersion = 809F1F5721CF061500A943B7 /* Eia.xcdatamodel */;
			path = Eia.xcdatamodeld;
			sourceTree = "<group>";
			versionGroupType = wrapper.xcdatamodel;
		};
/* End XCVersionGroup section */
	};
	rootObject = 809F1F4421CF061400A943B7 /* Project object */;
}
