// !$*UTF8*$!
{
	archiveVersion = 1;
	classes = {
	};
	objectVersion = 50;
	objects = {

/* Begin PBXBuildFile section */
		80957A6921D3B2A7003D63DA /* Voluntary.swift in Sources */ = {isa = PBXBuildFile; fileRef = 80957A6821D3B2A7003D63DA /* Voluntary.swift */; };
		80957A6B21D50AB6003D63DA /* EiaColors.swift in Sources */ = {isa = PBXBuildFile; fileRef = 80957A6A21D50AB6003D63DA /* EiaColors.swift */; };
		80957A6D21D516E6003D63DA /* EiaError.swift in Sources */ = {isa = PBXBuildFile; fileRef = 80957A6C21D516E6003D63DA /* EiaError.swift */; };
		80957A6F21D51ACB003D63DA /* Localizable.strings in Resources */ = {isa = PBXBuildFile; fileRef = 80957A6E21D51ACB003D63DA /* Localizable.strings */; };
		80957A7121D55909003D63DA /* RePasswordTextField.swift in Sources */ = {isa = PBXBuildFile; fileRef = 80957A7021D55909003D63DA /* RePasswordTextField.swift */; };
		80957A7321D56DA1003D63DA /* EiaFormTableViewController.swift in Sources */ = {isa = PBXBuildFile; fileRef = 80957A7221D56DA1003D63DA /* EiaFormTableViewController.swift */; };
		809F1F5021CF061500A943B7 /* AppDelegate.swift in Sources */ = {isa = PBXBuildFile; fileRef = 809F1F4F21CF061500A943B7 /* AppDelegate.swift */; };
		809F1F5521CF061500A943B7 /* Main.storyboard in Resources */ = {isa = PBXBuildFile; fileRef = 809F1F5321CF061500A943B7 /* Main.storyboard */; };
		809F1F5821CF061500A943B7 /* Eia.xcdatamodeld in Sources */ = {isa = PBXBuildFile; fileRef = 809F1F5621CF061500A943B7 /* Eia.xcdatamodeld */; };
		809F1F5A21CF062000A943B7 /* Assets.xcassets in Resources */ = {isa = PBXBuildFile; fileRef = 809F1F5921CF062000A943B7 /* Assets.xcassets */; };
		809F1F5D21CF062000A943B7 /* LaunchScreen.storyboard in Resources */ = {isa = PBXBuildFile; fileRef = 809F1F5B21CF062000A943B7 /* LaunchScreen.storyboard */; };
		809F1F6621CF939700A943B7 /* LoginTableViewController.swift in Sources */ = {isa = PBXBuildFile; fileRef = 809F1F6521CF939700A943B7 /* LoginTableViewController.swift */; };
		809F1F6921CFEDAF00A943B7 /* EiaButton.swift in Sources */ = {isa = PBXBuildFile; fileRef = 809F1F6821CFEDAF00A943B7 /* EiaButton.swift */; };
		809F1F6B21CFEE8600A943B7 /* MainFlowButton.swift in Sources */ = {isa = PBXBuildFile; fileRef = 809F1F6A21CFEE8600A943B7 /* MainFlowButton.swift */; };
		809F1F6D21CFF17D00A943B7 /* AlternativeFlowButton.swift in Sources */ = {isa = PBXBuildFile; fileRef = 809F1F6C21CFF17D00A943B7 /* AlternativeFlowButton.swift */; };
		809F1F6F21CFF8B300A943B7 /* EmailTextField.swift in Sources */ = {isa = PBXBuildFile; fileRef = 809F1F6E21CFF8B300A943B7 /* EmailTextField.swift */; };
		809F1F7121D008DB00A943B7 /* EiaTextField.swift in Sources */ = {isa = PBXBuildFile; fileRef = 809F1F7021D008DB00A943B7 /* EiaTextField.swift */; };
		809F1F7321D00BA500A943B7 /* PasswordTextField.swift in Sources */ = {isa = PBXBuildFile; fileRef = 809F1F7221D00BA500A943B7 /* PasswordTextField.swift */; };
		809F1F7521D063E700A943B7 /* UserTextField.swift in Sources */ = {isa = PBXBuildFile; fileRef = 809F1F7421D063E700A943B7 /* UserTextField.swift */; };
		809F1F7721D0649300A943B7 /* SignUpTableViewController.swift in Sources */ = {isa = PBXBuildFile; fileRef = 809F1F7621D0649300A943B7 /* SignUpTableViewController.swift */; };
		809F1F7921D06F5E00A943B7 /* ResetPasswordTableViewController.swift in Sources */ = {isa = PBXBuildFile; fileRef = 809F1F7821D06F5E00A943B7 /* ResetPasswordTableViewController.swift */; };
		809F1F7C21D2851E00A943B7 /* ProfileViewController.swift in Sources */ = {isa = PBXBuildFile; fileRef = 809F1F7B21D2851E00A943B7 /* ProfileViewController.swift */; };
		80FFCFD021D31E4F00FAF12D /* PhoneTextField.swift in Sources */ = {isa = PBXBuildFile; fileRef = 80FFCFCF21D31E4F00FAF12D /* PhoneTextField.swift */; };
		80FFCFD221D323F200FAF12D /* EditProfileTableViewController.swift in Sources */ = {isa = PBXBuildFile; fileRef = 80FFCFD121D323F200FAF12D /* EditProfileTableViewController.swift */; };
/* End PBXBuildFile section */

/* Begin PBXFileReference section */
		80957A6821D3B2A7003D63DA /* Voluntary.swift */ = {isa = PBXFileReference; lastKnownFileType = sourcecode.swift; path = Voluntary.swift; sourceTree = "<group>"; };
		80957A6A21D50AB6003D63DA /* EiaColors.swift */ = {isa = PBXFileReference; lastKnownFileType = sourcecode.swift; path = EiaColors.swift; sourceTree = "<group>"; };
		80957A6C21D516E6003D63DA /* EiaError.swift */ = {isa = PBXFileReference; lastKnownFileType = sourcecode.swift; path = EiaError.swift; sourceTree = "<group>"; };
		80957A6E21D51ACB003D63DA /* Localizable.strings */ = {isa = PBXFileReference; lastKnownFileType = text.plist.strings; path = Localizable.strings; sourceTree = "<group>"; };
		80957A7021D55909003D63DA /* RePasswordTextField.swift */ = {isa = PBXFileReference; lastKnownFileType = sourcecode.swift; path = RePasswordTextField.swift; sourceTree = "<group>"; };
		80957A7221D56DA1003D63DA /* EiaFormTableViewController.swift */ = {isa = PBXFileReference; lastKnownFileType = sourcecode.swift; path = EiaFormTableViewController.swift; sourceTree = "<group>"; };
		809F1F4C21CF061500A943B7 /* Eia.app */ = {isa = PBXFileReference; explicitFileType = wrapper.application; includeInIndex = 0; path = Eia.app; sourceTree = BUILT_PRODUCTS_DIR; };
		809F1F4F21CF061500A943B7 /* AppDelegate.swift */ = {isa = PBXFileReference; lastKnownFileType = sourcecode.swift; path = AppDelegate.swift; sourceTree = "<group>"; };
		809F1F5421CF061500A943B7 /* Base */ = {isa = PBXFileReference; lastKnownFileType = file.storyboard; name = Base; path = Base.lproj/Main.storyboard; sourceTree = "<group>"; };
		809F1F5721CF061500A943B7 /* Eia.xcdatamodel */ = {isa = PBXFileReference; lastKnownFileType = wrapper.xcdatamodel; path = Eia.xcdatamodel; sourceTree = "<group>"; };
		809F1F5921CF062000A943B7 /* Assets.xcassets */ = {isa = PBXFileReference; lastKnownFileType = folder.assetcatalog; path = Assets.xcassets; sourceTree = "<group>"; };
		809F1F5C21CF062000A943B7 /* Base */ = {isa = PBXFileReference; lastKnownFileType = file.storyboard; name = Base; path = Base.lproj/LaunchScreen.storyboard; sourceTree = "<group>"; };
		809F1F5E21CF062000A943B7 /* Info.plist */ = {isa = PBXFileReference; lastKnownFileType = text.plist.xml; path = Info.plist; sourceTree = "<group>"; };
		809F1F6521CF939700A943B7 /* LoginTableViewController.swift */ = {isa = PBXFileReference; lastKnownFileType = sourcecode.swift; path = LoginTableViewController.swift; sourceTree = "<group>"; };
		809F1F6821CFEDAF00A943B7 /* EiaButton.swift */ = {isa = PBXFileReference; lastKnownFileType = sourcecode.swift; path = EiaButton.swift; sourceTree = "<group>"; };
		809F1F6A21CFEE8600A943B7 /* MainFlowButton.swift */ = {isa = PBXFileReference; lastKnownFileType = sourcecode.swift; path = MainFlowButton.swift; sourceTree = "<group>"; };
		809F1F6C21CFF17D00A943B7 /* AlternativeFlowButton.swift */ = {isa = PBXFileReference; lastKnownFileType = sourcecode.swift; path = AlternativeFlowButton.swift; sourceTree = "<group>"; };
		809F1F6E21CFF8B300A943B7 /* EmailTextField.swift */ = {isa = PBXFileReference; lastKnownFileType = sourcecode.swift; path = EmailTextField.swift; sourceTree = "<group>"; };
		809F1F7021D008DB00A943B7 /* EiaTextField.swift */ = {isa = PBXFileReference; lastKnownFileType = sourcecode.swift; path = EiaTextField.swift; sourceTree = "<group>"; };
		809F1F7221D00BA500A943B7 /* PasswordTextField.swift */ = {isa = PBXFileReference; lastKnownFileType = sourcecode.swift; path = PasswordTextField.swift; sourceTree = "<group>"; };
		809F1F7421D063E700A943B7 /* UserTextField.swift */ = {isa = PBXFileReference; lastKnownFileType = sourcecode.swift; path = UserTextField.swift; sourceTree = "<group>"; };
		809F1F7621D0649300A943B7 /* SignUpTableViewController.swift */ = {isa = PBXFileReference; lastKnownFileType = sourcecode.swift; path = SignUpTableViewController.swift; sourceTree = "<group>"; };
		809F1F7821D06F5E00A943B7 /* ResetPasswordTableViewController.swift */ = {isa = PBXFileReference; lastKnownFileType = sourcecode.swift; path = ResetPasswordTableViewController.swift; sourceTree = "<group>"; };
		809F1F7B21D2851E00A943B7 /* ProfileViewController.swift */ = {isa = PBXFileReference; lastKnownFileType = sourcecode.swift; path = ProfileViewController.swift; sourceTree = "<group>"; };
		80FFCFCF21D31E4F00FAF12D /* PhoneTextField.swift */ = {isa = PBXFileReference; lastKnownFileType = sourcecode.swift; path = PhoneTextField.swift; sourceTree = "<group>"; };
		80FFCFD121D323F200FAF12D /* EditProfileTableViewController.swift */ = {isa = PBXFileReference; lastKnownFileType = sourcecode.swift; path = EditProfileTableViewController.swift; sourceTree = "<group>"; };
/* End PBXFileReference section */

/* Begin PBXFrameworksBuildPhase section */
		809F1F4921CF061400A943B7 /* Frameworks */ = {
			isa = PBXFrameworksBuildPhase;
			buildActionMask = 2147483647;
			files = (
			);
			runOnlyForDeploymentPostprocessing = 0;
		};
/* End PBXFrameworksBuildPhase section */

/* Begin PBXGroup section */
		80957A6721D3A614003D63DA /* Entities */ = {
			isa = PBXGroup;
			children = (
				80957A6821D3B2A7003D63DA /* Voluntary.swift */,
				80957A6A21D50AB6003D63DA /* EiaColors.swift */,
				80957A6C21D516E6003D63DA /* EiaError.swift */,
			);
			path = Entities;
			sourceTree = "<group>";
		};
		809F1F4321CF061400A943B7 = {
			isa = PBXGroup;
			children = (
				809F1F4E21CF061500A943B7 /* Eia */,
				809F1F4D21CF061500A943B7 /* Products */,
			);
			sourceTree = "<group>";
		};
		809F1F4D21CF061500A943B7 /* Products */ = {
			isa = PBXGroup;
			children = (
				809F1F4C21CF061500A943B7 /* Eia.app */,
			);
			name = Products;
			sourceTree = "<group>";
		};
		809F1F4E21CF061500A943B7 /* Eia */ = {
			isa = PBXGroup;
			children = (
				80957A6721D3A614003D63DA /* Entities */,
				809F1F6721CFED4800A943B7 /* CustomViews */,
				809F1F6421CF932500A943B7 /* Controllers */,
				809F1F4F21CF061500A943B7 /* AppDelegate.swift */,
				809F1F5321CF061500A943B7 /* Main.storyboard */,
				809F1F5921CF062000A943B7 /* Assets.xcassets */,
				809F1F5B21CF062000A943B7 /* LaunchScreen.storyboard */,
				809F1F5E21CF062000A943B7 /* Info.plist */,
				809F1F5621CF061500A943B7 /* Eia.xcdatamodeld */,
				80957A6E21D51ACB003D63DA /* Localizable.strings */,
			);
			path = Eia;
			sourceTree = "<group>";
		};
		809F1F6421CF932500A943B7 /* Controllers */ = {
			isa = PBXGroup;
			children = (
				809F1F6521CF939700A943B7 /* LoginTableViewController.swift */,
				809F1F7621D0649300A943B7 /* SignUpTableViewController.swift */,
				809F1F7821D06F5E00A943B7 /* ResetPasswordTableViewController.swift */,
				809F1F7B21D2851E00A943B7 /* ProfileViewController.swift */,
				80FFCFD121D323F200FAF12D /* EditProfileTableViewController.swift */,
				80957A7221D56DA1003D63DA /* EiaFormTableViewController.swift */,
			);
			path = Controllers;
			sourceTree = "<group>";
		};
		809F1F6721CFED4800A943B7 /* CustomViews */ = {
			isa = PBXGroup;
			children = (
				809F1F6821CFEDAF00A943B7 /* EiaButton.swift */,
				809F1F6A21CFEE8600A943B7 /* MainFlowButton.swift */,
				809F1F6C21CFF17D00A943B7 /* AlternativeFlowButton.swift */,
				809F1F6E21CFF8B300A943B7 /* EmailTextField.swift */,
				809F1F7021D008DB00A943B7 /* EiaTextField.swift */,
				809F1F7221D00BA500A943B7 /* PasswordTextField.swift */,
				809F1F7421D063E700A943B7 /* UserTextField.swift */,
				80FFCFCF21D31E4F00FAF12D /* PhoneTextField.swift */,
				80957A7021D55909003D63DA /* RePasswordTextField.swift */,
			);
			path = CustomViews;
			sourceTree = "<group>";
		};
/* End PBXGroup section */

/* Begin PBXNativeTarget section */
		809F1F4B21CF061400A943B7 /* Eia */ = {
			isa = PBXNativeTarget;
			buildConfigurationList = 809F1F6121CF062000A943B7 /* Build configuration list for PBXNativeTarget "Eia" */;
			buildPhases = (
				809F1F4821CF061400A943B7 /* Sources */,
				809F1F4921CF061400A943B7 /* Frameworks */,
				809F1F4A21CF061400A943B7 /* Resources */,
			);
			buildRules = (
			);
			dependencies = (
			);
			name = Eia;
			productName = Eia;
			productReference = 809F1F4C21CF061500A943B7 /* Eia.app */;
			productType = "com.apple.product-type.application";
		};
/* End PBXNativeTarget section */

/* Begin PBXProject section */
		809F1F4421CF061400A943B7 /* Project object */ = {
			isa = PBXProject;
			attributes = {
				LastSwiftUpdateCheck = 1010;
				LastUpgradeCheck = 1010;
				ORGANIZATIONNAME = "Cleofas Pereira";
				TargetAttributes = {
					809F1F4B21CF061400A943B7 = {
						CreatedOnToolsVersion = 10.1;
					};
				};
			};
			buildConfigurationList = 809F1F4721CF061400A943B7 /* Build configuration list for PBXProject "Eia" */;
			compatibilityVersion = "Xcode 9.3";
			developmentRegion = en;
			hasScannedForEncodings = 0;
			knownRegions = (
				en,
				Base,
			);
			mainGroup = 809F1F4321CF061400A943B7;
			productRefGroup = 809F1F4D21CF061500A943B7 /* Products */;
			projectDirPath = "";
			projectRoot = "";
			targets = (
				809F1F4B21CF061400A943B7 /* Eia */,
			);
		};
/* End PBXProject section */

/* Begin PBXResourcesBuildPhase section */
		809F1F4A21CF061400A943B7 /* Resources */ = {
			isa = PBXResourcesBuildPhase;
			buildActionMask = 2147483647;
			files = (
				809F1F5D21CF062000A943B7 /* LaunchScreen.storyboard in Resources */,
				80957A6F21D51ACB003D63DA /* Localizable.strings in Resources */,
				809F1F5A21CF062000A943B7 /* Assets.xcassets in Resources */,
				809F1F5521CF061500A943B7 /* Main.storyboard in Resources */,
			);
			runOnlyForDeploymentPostprocessing = 0;
		};
/* End PBXResourcesBuildPhase section */

/* Begin PBXSourcesBuildPhase section */
		809F1F4821CF061400A943B7 /* Sources */ = {
			isa = PBXSourcesBuildPhase;
			buildActionMask = 2147483647;
			files = (
				809F1F5821CF061500A943B7 /* Eia.xcdatamodeld in Sources */,
				809F1F6B21CFEE8600A943B7 /* MainFlowButton.swift in Sources */,
				80957A7321D56DA1003D63DA /* EiaFormTableViewController.swift in Sources */,
				80FFCFD021D31E4F00FAF12D /* PhoneTextField.swift in Sources */,
				809F1F7321D00BA500A943B7 /* PasswordTextField.swift in Sources */,
				80957A6D21D516E6003D63DA /* EiaError.swift in Sources */,
				809F1F6F21CFF8B300A943B7 /* EmailTextField.swift in Sources */,
				809F1F7521D063E700A943B7 /* UserTextField.swift in Sources */,
				809F1F7721D0649300A943B7 /* SignUpTableViewController.swift in Sources */,
				80957A6B21D50AB6003D63DA /* EiaColors.swift in Sources */,
				809F1F7921D06F5E00A943B7 /* ResetPasswordTableViewController.swift in Sources */,
				80FFCFD221D323F200FAF12D /* EditProfileTableViewController.swift in Sources */,
				809F1F6921CFEDAF00A943B7 /* EiaButton.swift in Sources */,
				809F1F6D21CFF17D00A943B7 /* AlternativeFlowButton.swift in Sources */,
				809F1F7121D008DB00A943B7 /* EiaTextField.swift in Sources */,
				809F1F7C21D2851E00A943B7 /* ProfileViewController.swift in Sources */,
				80957A7121D55909003D63DA /* RePasswordTextField.swift in Sources */,
				809F1F5021CF061500A943B7 /* AppDelegate.swift in Sources */,
				80957A6921D3B2A7003D63DA /* Voluntary.swift in Sources */,
				809F1F6621CF939700A943B7 /* LoginTableViewController.swift in Sources */,
			);
			runOnlyForDeploymentPostprocessing = 0;
		};
/* End PBXSourcesBuildPhase section */

/* Begin PBXVariantGroup section */
		809F1F5321CF061500A943B7 /* Main.storyboard */ = {
			isa = PBXVariantGroup;
			children = (
				809F1F5421CF061500A943B7 /* Base */,
			);
			name = Main.storyboard;
			sourceTree = "<group>";
		};
		809F1F5B21CF062000A943B7 /* LaunchScreen.storyboard */ = {
			isa = PBXVariantGroup;
			children = (
				809F1F5C21CF062000A943B7 /* Base */,
			);
			name = LaunchScreen.storyboard;
			sourceTree = "<group>";
		};
/* End PBXVariantGroup section */

/* Begin XCBuildConfiguration section */
		809F1F5F21CF062000A943B7 /* Debug */ = {
			isa = XCBuildConfiguration;
			buildSettings = {
				ALWAYS_SEARCH_USER_PATHS = NO;
				CLANG_ANALYZER_NONNULL = YES;
				CLANG_ANALYZER_NUMBER_OBJECT_CONVERSION = YES_AGGRESSIVE;
				CLANG_CXX_LANGUAGE_STANDARD = "gnu++14";
				CLANG_CXX_LIBRARY = "libc++";
				CLANG_ENABLE_MODULES = YES;
				CLANG_ENABLE_OBJC_ARC = YES;
				CLANG_ENABLE_OBJC_WEAK = YES;
				CLANG_WARN_BLOCK_CAPTURE_AUTORELEASING = YES;
				CLANG_WARN_BOOL_CONVERSION = YES;
				CLANG_WARN_COMMA = YES;
				CLANG_WARN_CONSTANT_CONVERSION = YES;
				CLANG_WARN_DEPRECATED_OBJC_IMPLEMENTATIONS = YES;
				CLANG_WARN_DIRECT_OBJC_ISA_USAGE = YES_ERROR;
				CLANG_WARN_DOCUMENTATION_COMMENTS = YES;
				CLANG_WARN_EMPTY_BODY = YES;
				CLANG_WARN_ENUM_CONVERSION = YES;
				CLANG_WARN_INFINITE_RECURSION = YES;
				CLANG_WARN_INT_CONVERSION = YES;
				CLANG_WARN_NON_LITERAL_NULL_CONVERSION = YES;
				CLANG_WARN_OBJC_IMPLICIT_RETAIN_SELF = YES;
				CLANG_WARN_OBJC_LITERAL_CONVERSION = YES;
				CLANG_WARN_OBJC_ROOT_CLASS = YES_ERROR;
				CLANG_WARN_RANGE_LOOP_ANALYSIS = YES;
				CLANG_WARN_STRICT_PROTOTYPES = YES;
				CLANG_WARN_SUSPICIOUS_MOVE = YES;
				CLANG_WARN_UNGUARDED_AVAILABILITY = YES_AGGRESSIVE;
				CLANG_WARN_UNREACHABLE_CODE = YES;
				CLANG_WARN__DUPLICATE_METHOD_MATCH = YES;
				CODE_SIGN_IDENTITY = "iPhone Developer";
				COPY_PHASE_STRIP = NO;
				DEBUG_INFORMATION_FORMAT = dwarf;
				ENABLE_STRICT_OBJC_MSGSEND = YES;
				ENABLE_TESTABILITY = YES;
				GCC_C_LANGUAGE_STANDARD = gnu11;
				GCC_DYNAMIC_NO_PIC = NO;
				GCC_NO_COMMON_BLOCKS = YES;
				GCC_OPTIMIZATION_LEVEL = 0;
				GCC_PREPROCESSOR_DEFINITIONS = (
					"DEBUG=1",
					"$(inherited)",
				);
				GCC_WARN_64_TO_32_BIT_CONVERSION = YES;
				GCC_WARN_ABOUT_RETURN_TYPE = YES_ERROR;
				GCC_WARN_UNDECLARED_SELECTOR = YES;
				GCC_WARN_UNINITIALIZED_AUTOS = YES_AGGRESSIVE;
				GCC_WARN_UNUSED_FUNCTION = YES;
				GCC_WARN_UNUSED_VARIABLE = YES;
				IPHONEOS_DEPLOYMENT_TARGET = 12.1;
				MTL_ENABLE_DEBUG_INFO = INCLUDE_SOURCE;
				MTL_FAST_MATH = YES;
				ONLY_ACTIVE_ARCH = YES;
				SDKROOT = iphoneos;
				SWIFT_ACTIVE_COMPILATION_CONDITIONS = DEBUG;
				SWIFT_OPTIMIZATION_LEVEL = "-Onone";
			};
			name = Debug;
		};
		809F1F6021CF062000A943B7 /* Release */ = {
			isa = XCBuildConfiguration;
			buildSettings = {
				ALWAYS_SEARCH_USER_PATHS = NO;
				CLANG_ANALYZER_NONNULL = YES;
				CLANG_ANALYZER_NUMBER_OBJECT_CONVERSION = YES_AGGRESSIVE;
				CLANG_CXX_LANGUAGE_STANDARD = "gnu++14";
				CLANG_CXX_LIBRARY = "libc++";
				CLANG_ENABLE_MODULES = YES;
				CLANG_ENABLE_OBJC_ARC = YES;
				CLANG_ENABLE_OBJC_WEAK = YES;
				CLANG_WARN_BLOCK_CAPTURE_AUTORELEASING = YES;
				CLANG_WARN_BOOL_CONVERSION = YES;
				CLANG_WARN_COMMA = YES;
				CLANG_WARN_CONSTANT_CONVERSION = YES;
				CLANG_WARN_DEPRECATED_OBJC_IMPLEMENTATIONS = YES;
				CLANG_WARN_DIRECT_OBJC_ISA_USAGE = YES_ERROR;
				CLANG_WARN_DOCUMENTATION_COMMENTS = YES;
				CLANG_WARN_EMPTY_BODY = YES;
				CLANG_WARN_ENUM_CONVERSION = YES;
				CLANG_WARN_INFINITE_RECURSION = YES;
				CLANG_WARN_INT_CONVERSION = YES;
				CLANG_WARN_NON_LITERAL_NULL_CONVERSION = YES;
				CLANG_WARN_OBJC_IMPLICIT_RETAIN_SELF = YES;
				CLANG_WARN_OBJC_LITERAL_CONVERSION = YES;
				CLANG_WARN_OBJC_ROOT_CLASS = YES_ERROR;
				CLANG_WARN_RANGE_LOOP_ANALYSIS = YES;
				CLANG_WARN_STRICT_PROTOTYPES = YES;
				CLANG_WARN_SUSPICIOUS_MOVE = YES;
				CLANG_WARN_UNGUARDED_AVAILABILITY = YES_AGGRESSIVE;
				CLANG_WARN_UNREACHABLE_CODE = YES;
				CLANG_WARN__DUPLICATE_METHOD_MATCH = YES;
				CODE_SIGN_IDENTITY = "iPhone Developer";
				COPY_PHASE_STRIP = NO;
				DEBUG_INFORMATION_FORMAT = "dwarf-with-dsym";
				ENABLE_NS_ASSERTIONS = NO;
				ENABLE_STRICT_OBJC_MSGSEND = YES;
				GCC_C_LANGUAGE_STANDARD = gnu11;
				GCC_NO_COMMON_BLOCKS = YES;
				GCC_WARN_64_TO_32_BIT_CONVERSION = YES;
				GCC_WARN_ABOUT_RETURN_TYPE = YES_ERROR;
				GCC_WARN_UNDECLARED_SELECTOR = YES;
				GCC_WARN_UNINITIALIZED_AUTOS = YES_AGGRESSIVE;
				GCC_WARN_UNUSED_FUNCTION = YES;
				GCC_WARN_UNUSED_VARIABLE = YES;
				IPHONEOS_DEPLOYMENT_TARGET = 12.1;
				MTL_ENABLE_DEBUG_INFO = NO;
				MTL_FAST_MATH = YES;
				SDKROOT = iphoneos;
				SWIFT_COMPILATION_MODE = wholemodule;
				SWIFT_OPTIMIZATION_LEVEL = "-O";
				VALIDATE_PRODUCT = YES;
			};
			name = Release;
		};
		809F1F6221CF062000A943B7 /* Debug */ = {
			isa = XCBuildConfiguration;
			buildSettings = {
				ASSETCATALOG_COMPILER_APPICON_NAME = AppIcon;
				CODE_SIGN_STYLE = Automatic;
				DEVELOPMENT_TEAM = VL8ZVKS45P;
				INFOPLIST_FILE = Eia/Info.plist;
				LD_RUNPATH_SEARCH_PATHS = (
					"$(inherited)",
					"@executable_path/Frameworks",
				);
				PRODUCT_BUNDLE_IDENTIFIER = br.com.cleofase.Eia;
				PRODUCT_NAME = "$(TARGET_NAME)";
				SWIFT_VERSION = 4.2;
				TARGETED_DEVICE_FAMILY = 1;
			};
			name = Debug;
		};
		809F1F6321CF062000A943B7 /* Release */ = {
			isa = XCBuildConfiguration;
			buildSettings = {
				ASSETCATALOG_COMPILER_APPICON_NAME = AppIcon;
				CODE_SIGN_STYLE = Automatic;
				DEVELOPMENT_TEAM = VL8ZVKS45P;
				INFOPLIST_FILE = Eia/Info.plist;
				LD_RUNPATH_SEARCH_PATHS = (
					"$(inherited)",
					"@executable_path/Frameworks",
				);
				PRODUCT_BUNDLE_IDENTIFIER = br.com.cleofase.Eia;
				PRODUCT_NAME = "$(TARGET_NAME)";
				SWIFT_VERSION = 4.2;
				TARGETED_DEVICE_FAMILY = 1;
			};
			name = Release;
		};
/* End XCBuildConfiguration section */

/* Begin XCConfigurationList section */
		809F1F4721CF061400A943B7 /* Build configuration list for PBXProject "Eia" */ = {
			isa = XCConfigurationList;
			buildConfigurations = (
				809F1F5F21CF062000A943B7 /* Debug */,
				809F1F6021CF062000A943B7 /* Release */,
			);
			defaultConfigurationIsVisible = 0;
			defaultConfigurationName = Release;
		};
		809F1F6121CF062000A943B7 /* Build configuration list for PBXNativeTarget "Eia" */ = {
			isa = XCConfigurationList;
			buildConfigurations = (
				809F1F6221CF062000A943B7 /* Debug */,
				809F1F6321CF062000A943B7 /* Release */,
			);
			defaultConfigurationIsVisible = 0;
			defaultConfigurationName = Release;
		};
/* End XCConfigurationList section */

/* Begin XCVersionGroup section */
		809F1F5621CF061500A943B7 /* Eia.xcdatamodeld */ = {
			isa = XCVersionGroup;
			children = (
				809F1F5721CF061500A943B7 /* Eia.xcdatamodel */,
			);
			currentVersion = 809F1F5721CF061500A943B7 /* Eia.xcdatamodel */;
			path = Eia.xcdatamodeld;
			sourceTree = "<group>";
			versionGroupType = wrapper.xcdatamodel;
		};
/* End XCVersionGroup section */
	};
	rootObject = 809F1F4421CF061400A943B7 /* Project object */;
}
